{
  "name": "es6-event-delegator",
  "version": "1.0.0",
  "lockfileVersion": 1,
  "requires": true,
  "dependencies": {
    "find-parent": {
      "version": "2.0.2",
      "resolved": "http://npm.2kweb.online/find-parent/-/find-parent-2.0.2.tgz",
      "integrity": "sha1-RAi2EwaA+8+01xjfT2ikO4DZjsg="
    }
  }
}
